// !$*UTF8*$!
{
	archiveVersion = 1;
	classes = {
	};
	objectVersion = 51;
	objects = {

/* Begin PBXBuildFile section */
		FD26EB8723929EE60046C2C1 /* AppDelegate.swift in Sources */ = {isa = PBXBuildFile; fileRef = FD26EB8623929EE60046C2C1 /* AppDelegate.swift */; };
		FD26EB8923929EE60046C2C1 /* SceneDelegate.swift in Sources */ = {isa = PBXBuildFile; fileRef = FD26EB8823929EE60046C2C1 /* SceneDelegate.swift */; };
		FD26EB8E23929EE60046C2C1 /* Main.storyboard in Resources */ = {isa = PBXBuildFile; fileRef = FD26EB8C23929EE60046C2C1 /* Main.storyboard */; };
		FD26EB9023929EF80046C2C1 /* Assets.xcassets in Resources */ = {isa = PBXBuildFile; fileRef = FD26EB8F23929EF80046C2C1 /* Assets.xcassets */; };
		FD26EB9323929EF80046C2C1 /* LaunchScreen.storyboard in Resources */ = {isa = PBXBuildFile; fileRef = FD26EB9123929EF80046C2C1 /* LaunchScreen.storyboard */; };
		FD8D68AF23A5FF9000CF7A6A /* TipCalculatorViewController.swift in Sources */ = {isa = PBXBuildFile; fileRef = FD8D68AE23A5FF9000CF7A6A /* TipCalculatorViewController.swift */; };
		FD8D68B123A6052C00CF7A6A /* TipCalc.swift in Sources */ = {isa = PBXBuildFile; fileRef = FD8D68B023A6052C00CF7A6A /* TipCalc.swift */; };
/* End PBXBuildFile section */

/* Begin PBXFileReference section */
		FD26EB8323929EE60046C2C1 /* TipCalculator.app */ = {isa = PBXFileReference; explicitFileType = wrapper.application; includeInIndex = 0; path = TipCalculator.app; sourceTree = BUILT_PRODUCTS_DIR; };
		FD26EB8623929EE60046C2C1 /* AppDelegate.swift */ = {isa = PBXFileReference; lastKnownFileType = sourcecode.swift; path = AppDelegate.swift; sourceTree = "<group>"; };
		FD26EB8823929EE60046C2C1 /* SceneDelegate.swift */ = {isa = PBXFileReference; lastKnownFileType = sourcecode.swift; path = SceneDelegate.swift; sourceTree = "<group>"; };
		FD26EB8D23929EE60046C2C1 /* Base */ = {isa = PBXFileReference; lastKnownFileType = file.storyboard; name = Base; path = Base.lproj/Main.storyboard; sourceTree = "<group>"; };
		FD26EB8F23929EF80046C2C1 /* Assets.xcassets */ = {isa = PBXFileReference; lastKnownFileType = folder.assetcatalog; path = Assets.xcassets; sourceTree = "<group>"; };
		FD26EB9223929EF80046C2C1 /* Base */ = {isa = PBXFileReference; lastKnownFileType = file.storyboard; name = Base; path = Base.lproj/LaunchScreen.storyboard; sourceTree = "<group>"; };
		FD26EB9423929EF80046C2C1 /* Info.plist */ = {isa = PBXFileReference; lastKnownFileType = text.plist.xml; path = Info.plist; sourceTree = "<group>"; };
		FD8D68AE23A5FF9000CF7A6A /* TipCalculatorViewController.swift */ = {isa = PBXFileReference; lastKnownFileType = sourcecode.swift; path = TipCalculatorViewController.swift; sourceTree = "<group>"; };
		FD8D68B023A6052C00CF7A6A /* TipCalc.swift */ = {isa = PBXFileReference; lastKnownFileType = sourcecode.swift; path = TipCalc.swift; sourceTree = "<group>"; };
/* End PBXFileReference section */

/* Begin PBXFrameworksBuildPhase section */
		FD26EB8023929EE60046C2C1 /* Frameworks */ = {
			isa = PBXFrameworksBuildPhase;
			buildActionMask = 2147483647;
			files = (
			);
			runOnlyForDeploymentPostprocessing = 0;
		};
/* End PBXFrameworksBuildPhase section */

/* Begin PBXGroup section */
		FD26EB7A23929EE50046C2C1 = {
			isa = PBXGroup;
			children = (
				FD26EB8523929EE60046C2C1 /* TipCalculator */,
				FD26EB8423929EE60046C2C1 /* Products */,
			);
			sourceTree = "<group>";
		};
		FD26EB8423929EE60046C2C1 /* Products */ = {
			isa = PBXGroup;
			children = (
				FD26EB8323929EE60046C2C1 /* TipCalculator.app */,
			);
			name = Products;
			sourceTree = "<group>";
		};
		FD26EB8523929EE60046C2C1 /* TipCalculator */ = {
			isa = PBXGroup;
			children = (
				FD26EB8623929EE60046C2C1 /* AppDelegate.swift */,
				FD26EB8823929EE60046C2C1 /* SceneDelegate.swift */,
				FD8D68B723A6060300CF7A6A /* Views */,
				FD8D68B423A6058400CF7A6A /* Controllers */,
				FD26EB8F23929EF80046C2C1 /* Assets.xcassets */,
				FD26EB9123929EF80046C2C1 /* LaunchScreen.storyboard */,
				FD26EB9423929EF80046C2C1 /* Info.plist */,
				FD8D68B623A605F800CF7A6A /* Models */,
			);
			path = TipCalculator;
			sourceTree = "<group>";
		};
		FD8D68B423A6058400CF7A6A /* Controllers */ = {
			isa = PBXGroup;
			children = (
				FD8D68AE23A5FF9000CF7A6A /* TipCalculatorViewController.swift */,
			);
			path = Controllers;
			sourceTree = "<group>";
		};
		FD8D68B623A605F800CF7A6A /* Models */ = {
			isa = PBXGroup;
			children = (
				FD8D68B023A6052C00CF7A6A /* TipCalc.swift */,
			);
			path = Models;
			sourceTree = "<group>";
		};
		FD8D68B723A6060300CF7A6A /* Views */ = {
			isa = PBXGroup;
			children = (
				FD26EB8C23929EE60046C2C1 /* Main.storyboard */,
			);
			path = Views;
			sourceTree = "<group>";
		};
/* End PBXGroup section */

/* Begin PBXNativeTarget section */
		FD26EB8223929EE60046C2C1 /* TipCalculator */ = {
			isa = PBXNativeTarget;
			buildConfigurationList = FD26EB9723929EF80046C2C1 /* Build configuration list for PBXNativeTarget "TipCalculator" */;
			buildPhases = (
				FD26EB7F23929EE60046C2C1 /* Sources */,
				FD26EB8023929EE60046C2C1 /* Frameworks */,
				FD26EB8123929EE60046C2C1 /* Resources */,
			);
			buildRules = (
			);
			dependencies = (
			);
			name = TipCalculator;
			productName = TipCalculator;
			productReference = FD26EB8323929EE60046C2C1 /* TipCalculator.app */;
			productType = "com.apple.product-type.application";
		};
/* End PBXNativeTarget section */

/* Begin PBXProject section */
		FD26EB7B23929EE50046C2C1 /* Project object */ = {
			isa = PBXProject;
			attributes = {
				LastSwiftUpdateCheck = 1120;
				LastUpgradeCheck = 1120;
				ORGANIZATIONNAME = hrudhaykanth116;
				TargetAttributes = {
					FD26EB8223929EE60046C2C1 = {
						CreatedOnToolsVersion = 11.2;
					};
				};
			};
			buildConfigurationList = FD26EB7E23929EE50046C2C1 /* Build configuration list for PBXProject "TipCalculator" */;
			compatibilityVersion = "Xcode 10.0";
			developmentRegion = en;
			hasScannedForEncodings = 0;
			knownRegions = (
				en,
				Base,
			);
			mainGroup = FD26EB7A23929EE50046C2C1;
			productRefGroup = FD26EB8423929EE60046C2C1 /* Products */;
			projectDirPath = "";
			projectRoot = "";
			targets = (
				FD26EB8223929EE60046C2C1 /* TipCalculator */,
			);
		};
/* End PBXProject section */

/* Begin PBXResourcesBuildPhase section */
		FD26EB8123929EE60046C2C1 /* Resources */ = {
			isa = PBXResourcesBuildPhase;
			buildActionMask = 2147483647;
			files = (
				FD26EB9323929EF80046C2C1 /* LaunchScreen.storyboard in Resources */,
				FD26EB9023929EF80046C2C1 /* Assets.xcassets in Resources */,
				FD26EB8E23929EE60046C2C1 /* Main.storyboard in Resources */,
			);
			runOnlyForDeploymentPostprocessing = 0;
		};
/* End PBXResourcesBuildPhase section */

/* Begin PBXSourcesBuildPhase section */
		FD26EB7F23929EE60046C2C1 /* Sources */ = {
			isa = PBXSourcesBuildPhase;
			buildActionMask = 2147483647;
			files = (
				FD26EB8723929EE60046C2C1 /* AppDelegate.swift in Sources */,
				FD8D68AF23A5FF9000CF7A6A /* TipCalculatorViewController.swift in Sources */,
				FD26EB8923929EE60046C2C1 /* SceneDelegate.swift in Sources */,
				FD8D68B123A6052C00CF7A6A /* TipCalc.swift in Sources */,
			);
			runOnlyForDeploymentPostprocessing = 0;
		};
/* End PBXSourcesBuildPhase section */

/* Begin PBXVariantGroup section */
		FD26EB8C23929EE60046C2C1 /* Main.storyboard */ = {
			isa = PBXVariantGroup;
			children = (
				FD26EB8D23929EE60046C2C1 /* Base */,
			);
			name = Main.storyboard;
			sourceTree = "<group>";
		};
		FD26EB9123929EF80046C2C1 /* LaunchScreen.storyboard */ = {
			isa = PBXVariantGroup;
			children = (
				FD26EB9223929EF80046C2C1 /* Base */,
			);
			name = LaunchScreen.storyboard;
			sourceTree = "<group>";
		};
/* End PBXVariantGroup section */

/* Begin XCBuildConfiguration section */
		FD26EB9523929EF80046C2C1 /* Debug */ = {
			isa = XCBuildConfiguration;
			buildSettings = {
				ALWAYS_SEARCH_USER_PATHS = NO;
				CLANG_ANALYZER_NONNULL = YES;
				CLANG_ANALYZER_NUMBER_OBJECT_CONVERSION = YES_AGGRESSIVE;
				CLANG_CXX_LANGUAGE_STANDARD = "gnu++14";
				CLANG_CXX_LIBRARY = "libc++";
				CLANG_ENABLE_MODULES = YES;
				CLANG_ENABLE_OBJC_ARC = YES;
				CLANG_ENABLE_OBJC_WEAK = YES;
				CLANG_WARN_BLOCK_CAPTURE_AUTORELEASING = YES;
				CLANG_WARN_BOOL_CONVERSION = YES;
				CLANG_WARN_COMMA = YES;
				CLANG_WARN_CONSTANT_CONVERSION = YES;
				CLANG_WARN_DEPRECATED_OBJC_IMPLEMENTATIONS = YES;
				CLANG_WARN_DIRECT_OBJC_ISA_USAGE = YES_ERROR;
				CLANG_WARN_DOCUMENTATION_COMMENTS = YES;
				CLANG_WARN_EMPTY_BODY = YES;
				CLANG_WARN_ENUM_CONVERSION = YES;
				CLANG_WARN_INFINITE_RECURSION = YES;
				CLANG_WARN_INT_CONVERSION = YES;
				CLANG_WARN_NON_LITERAL_NULL_CONVERSION = YES;
				CLANG_WARN_OBJC_IMPLICIT_RETAIN_SELF = YES;
				CLANG_WARN_OBJC_LITERAL_CONVERSION = YES;
				CLANG_WARN_OBJC_ROOT_CLASS = YES_ERROR;
				CLANG_WARN_RANGE_LOOP_ANALYSIS = YES;
				CLANG_WARN_STRICT_PROTOTYPES = YES;
				CLANG_WARN_SUSPICIOUS_MOVE = YES;
				CLANG_WARN_UNGUARDED_AVAILABILITY = YES_AGGRESSIVE;
				CLANG_WARN_UNREACHABLE_CODE = YES;
				CLANG_WARN__DUPLICATE_METHOD_MATCH = YES;
				COPY_PHASE_STRIP = NO;
				DEBUG_INFORMATION_FORMAT = dwarf;
				ENABLE_STRICT_OBJC_MSGSEND = YES;
				ENABLE_TESTABILITY = YES;
				GCC_C_LANGUAGE_STANDARD = gnu11;
				GCC_DYNAMIC_NO_PIC = NO;
				GCC_NO_COMMON_BLOCKS = YES;
				GCC_OPTIMIZATION_LEVEL = 0;
				GCC_PREPROCESSOR_DEFINITIONS = (
					"DEBUG=1",
					"$(inherited)",
				);
				GCC_WARN_64_TO_32_BIT_CONVERSION = YES;
				GCC_WARN_ABOUT_RETURN_TYPE = YES_ERROR;
				GCC_WARN_UNDECLARED_SELECTOR = YES;
				GCC_WARN_UNINITIALIZED_AUTOS = YES_AGGRESSIVE;
				GCC_WARN_UNUSED_FUNCTION = YES;
				GCC_WARN_UNUSED_VARIABLE = YES;
				IPHONEOS_DEPLOYMENT_TARGET = 13.2;
				MTL_ENABLE_DEBUG_INFO = INCLUDE_SOURCE;
				MTL_FAST_MATH = YES;
				ONLY_ACTIVE_ARCH = YES;
				SDKROOT = iphoneos;
				SWIFT_ACTIVE_COMPILATION_CONDITIONS = DEBUG;
				SWIFT_OPTIMIZATION_LEVEL = "-Onone";
			};
			name = Debug;
		};
		FD26EB9623929EF80046C2C1 /* Release */ = {
			isa = XCBuildConfiguration;
			buildSettings = {
				ALWAYS_SEARCH_USER_PATHS = NO;
				CLANG_ANALYZER_NONNULL = YES;
				CLANG_ANALYZER_NUMBER_OBJECT_CONVERSION = YES_AGGRESSIVE;
				CLANG_CXX_LANGUAGE_STANDARD = "gnu++14";
				CLANG_CXX_LIBRARY = "libc++";
				CLANG_ENABLE_MODULES = YES;
				CLANG_ENABLE_OBJC_ARC = YES;
				CLANG_ENABLE_OBJC_WEAK = YES;
				CLANG_WARN_BLOCK_CAPTURE_AUTORELEASING = YES;
				CLANG_WARN_BOOL_CONVERSION = YES;
				CLANG_WARN_COMMA = YES;
				CLANG_WARN_CONSTANT_CONVERSION = YES;
				CLANG_WARN_DEPRECATED_OBJC_IMPLEMENTATIONS = YES;
				CLANG_WARN_DIRECT_OBJC_ISA_USAGE = YES_ERROR;
				CLANG_WARN_DOCUMENTATION_COMMENTS = YES;
				CLANG_WARN_EMPTY_BODY = YES;
				CLANG_WARN_ENUM_CONVERSION = YES;
				CLANG_WARN_INFINITE_RECURSION = YES;
				CLANG_WARN_INT_CONVERSION = YES;
				CLANG_WARN_NON_LITERAL_NULL_CONVERSION = YES;
				CLANG_WARN_OBJC_IMPLICIT_RETAIN_SELF = YES;
				CLANG_WARN_OBJC_LITERAL_CONVERSION = YES;
				CLANG_WARN_OBJC_ROOT_CLASS = YES_ERROR;
				CLANG_WARN_RANGE_LOOP_ANALYSIS = YES;
				CLANG_WARN_STRICT_PROTOTYPES = YES;
				CLANG_WARN_SUSPICIOUS_MOVE = YES;
				CLANG_WARN_UNGUARDED_AVAILABILITY = YES_AGGRESSIVE;
				CLANG_WARN_UNREACHABLE_CODE = YES;
				CLANG_WARN__DUPLICATE_METHOD_MATCH = YES;
				COPY_PHASE_STRIP = NO;
				DEBUG_INFORMATION_FORMAT = "dwarf-with-dsym";
				ENABLE_NS_ASSERTIONS = NO;
				ENABLE_STRICT_OBJC_MSGSEND = YES;
				GCC_C_LANGUAGE_STANDARD = gnu11;
				GCC_NO_COMMON_BLOCKS = YES;
				GCC_WARN_64_TO_32_BIT_CONVERSION = YES;
				GCC_WARN_ABOUT_RETURN_TYPE = YES_ERROR;
				GCC_WARN_UNDECLARED_SELECTOR = YES;
				GCC_WARN_UNINITIALIZED_AUTOS = YES_AGGRESSIVE;
				GCC_WARN_UNUSED_FUNCTION = YES;
				GCC_WARN_UNUSED_VARIABLE = YES;
				IPHONEOS_DEPLOYMENT_TARGET = 13.2;
				MTL_ENABLE_DEBUG_INFO = NO;
				MTL_FAST_MATH = YES;
				SDKROOT = iphoneos;
				SWIFT_COMPILATION_MODE = wholemodule;
				SWIFT_OPTIMIZATION_LEVEL = "-O";
				VALIDATE_PRODUCT = YES;
			};
			name = Release;
		};
		FD26EB9823929EF80046C2C1 /* Debug */ = {
			isa = XCBuildConfiguration;
			buildSettings = {
				ASSETCATALOG_COMPILER_APPICON_NAME = AppIcon;
				CODE_SIGN_STYLE = Automatic;
				INFOPLIST_FILE = TipCalculator/Info.plist;
				LD_RUNPATH_SEARCH_PATHS = (
					"$(inherited)",
					"@executable_path/Frameworks",
				);
				PRODUCT_BUNDLE_IDENTIFIER = hrudhaykanth116.TipCalculator;
				PRODUCT_NAME = "$(TARGET_NAME)";
				SWIFT_VERSION = 4.2;
				TARGETED_DEVICE_FAMILY = "1,2";
			};
			name = Debug;
		};
		FD26EB9923929EF80046C2C1 /* Release */ = {
			isa = XCBuildConfiguration;
			buildSettings = {
				ASSETCATALOG_COMPILER_APPICON_NAME = AppIcon;
				CODE_SIGN_STYLE = Automatic;
				INFOPLIST_FILE = TipCalculator/Info.plist;
				LD_RUNPATH_SEARCH_PATHS = (
					"$(inherited)",
					"@executable_path/Frameworks",
				);
				PRODUCT_BUNDLE_IDENTIFIER = hrudhaykanth116.TipCalculator;
				PRODUCT_NAME = "$(TARGET_NAME)";
				SWIFT_VERSION = 4.2;
				TARGETED_DEVICE_FAMILY = "1,2";
			};
			name = Release;
		};
/* End XCBuildConfiguration section */

/* Begin XCConfigurationList section */
		FD26EB7E23929EE50046C2C1 /* Build configuration list for PBXProject "TipCalculator" */ = {
			isa = XCConfigurationList;
			buildConfigurations = (
				FD26EB9523929EF80046C2C1 /* Debug */,
				FD26EB9623929EF80046C2C1 /* Release */,
			);
			defaultConfigurationIsVisible = 0;
			defaultConfigurationName = Release;
		};
		FD26EB9723929EF80046C2C1 /* Build configuration list for PBXNativeTarget "TipCalculator" */ = {
			isa = XCConfigurationList;
			buildConfigurations = (
				FD26EB9823929EF80046C2C1 /* Debug */,
				FD26EB9923929EF80046C2C1 /* Release */,
			);
			defaultConfigurationIsVisible = 0;
			defaultConfigurationName = Release;
		};
/* End XCConfigurationList section */
	};
	rootObject = FD26EB7B23929EE50046C2C1 /* Project object */;
}
